{
  "version": "5",
  "specifiers": {
    "jsr:@hono/hono@^4.6.14": "4.6.14",
    "npm:@ahmedrangel/rand-user-agent@^2.0.22": "2.0.22",
    "npm:create-hono@*": "0.14.3",
    "npm:hono@^4.6.14": "4.6.14"
  },
  "jsr": {
    "@hono/hono@4.6.14": {
      "integrity": "b39a5488266adf448fb1081bc3071a0d05145e72f3ab3ff83cf140e780c6c1de"
    }
  },
  "npm": {
    "@ahmedrangel/rand-user-agent@2.0.22": {
      "integrity": "sha512-zcWz/D8d+wIU+HeMUIkX/KWtiUGs2Xg97SJhvGc61yYvcGMMa9HzTlfr1+WdyKBK0365y1XIk4Ij3Ot/lW6Tmg=="
    },
    "create-hono@0.14.3": {
      "integrity": "sha512-CuZJAj6dmqAwmTdPM5iFl5vQAD5at6aBKnEaiP5zUYNuiInMtalSXDrMj79lmcdJD/hXNsQf14upMx2se7ZVxA==",
      "bin": true
    },
    "hono@4.6.14": {
      "integrity": "sha512-j4VkyUp2xazGJ8eCCLN1Vm/bxdvm/j5ZuU9AIjLu9vapn2M44p9L3Ktr9Vnb2RN2QtcR/wVjZVMlT5k7GJQgPw=="
    }
  },
  "workspace": {
    "dependencies": [
      "jsr:@hono/hono@^4.6.14"
    ],
    "packageJson": {
      "dependencies": [
        "npm:@ahmedrangel/rand-user-agent@^2.0.22",
        "npm:hono@^4.6.14"
      ]
    }
  }
}
