lockfileVersion: '9.0'

settings:
  autoInstallPeers: true
  excludeLinksFromLockfile: false

importers:

  .:
    dependencies:
      '@ahmedrangel/rand-user-agent':
        specifier: ^2.0.22
        version: 2.0.22
      hono:
        specifier: ^4.6.14
        version: 4.6.14

packages:

  '@ahmedrangel/rand-user-agent@2.0.22':
    resolution: {integrity: sha512-zcWz/D8d+wIU+HeMUIkX/KWtiUGs2Xg97SJhvGc61yYvcGMMa9HzTlfr1+WdyKBK0365y1XIk4Ij3Ot/lW6Tmg==}
    engines: {node: '>=17.1.0'}

  hono@4.6.14:
    resolution: {integrity: sha512-j4VkyUp2xazGJ8eCCLN1Vm/bxdvm/j5ZuU9AIjLu9vapn2M44p9L3Ktr9Vnb2RN2QtcR/wVjZVMlT5k7GJQgPw==}
    engines: {node: '>=16.9.0'}

snapshots:

  '@ahmedrangel/rand-user-agent@2.0.22': {}

  hono@4.6.14: {}
